Microsoft Visual Studio Solution File, Format Version 12.00
# Visual Studio 2012
Project("{FAE04EC0-301F-11D3-BF4B-00C04F79EFBC}") = "Image zoom", "Image zoom.csproj", "{E4EDB6EB-8103-4D2E-BF4D-77E2A38ED4B8}"
EndProject
Global
	GlobalSection(SolutionConfigurationPlatforms) = preSolution
	Debug|Any CPU = Debug|Any CPU
	ExportDebug|Any CPU = ExportDebug|Any CPU
	ExportRelease|Any CPU = ExportRelease|Any CPU
	EndGlobalSection
	GlobalSection(ProjectConfigurationPlatforms) = postSolution
		{E4EDB6EB-8103-4D2E-BF4D-77E2A38ED4B8}.Debug|Any CPU.ActiveCfg = Debug|Any CPU
		{E4EDB6EB-8103-4D2E-BF4D-77E2A38ED4B8}.Debug|Any CPU.Build.0 = Debug|Any CPU
		{E4EDB6EB-8103-4D2E-BF4D-77E2A38ED4B8}.ExportDebug|Any CPU.ActiveCfg = ExportDebug|Any CPU
		{E4EDB6EB-8103-4D2E-BF4D-77E2A38ED4B8}.ExportDebug|Any CPU.Build.0 = ExportDebug|Any CPU
		{E4EDB6EB-8103-4D2E-BF4D-77E2A38ED4B8}.ExportRelease|Any CPU.ActiveCfg = ExportRelease|Any CPU
		{E4EDB6EB-8103-4D2E-BF4D-77E2A38ED4B8}.ExportRelease|Any CPU.Build.0 = ExportRelease|Any CPU
	EndGlobalSection
EndGlobal
